
Microsoft Visual Studio Solution File, Format Version 12.00
# Visual Studio Version 16
VisualStudioVersion = 16.0.30413.136
MinimumVisualStudioVersion = 10.0.40219.1
Project("{F184B08F-C81C-45F6-A57F-5ABD9991F28F}") = "VBObjectOriented", "VBObjectOriented\VBObjectOriented.vbproj", "{99A9C0FE-14DE-4992-BB6C-5F81F6EA1735}"
EndProject
Global
	GlobalSection(SolutionConfigurationPlatforms) = preSolution
		Debug|Any CPU = Debug|Any CPU
		Release|Any CPU = Release|Any CPU
	EndGlobalSection
	GlobalSection(ProjectConfigurationPlatforms) = postSolution
		{99A9C0FE-14DE-4992-BB6C-5F81F6EA1735}.Debug|Any CPU.ActiveCfg = Debug|Any CPU
		{99A9C0FE-14DE-4992-BB6C-5F81F6EA1735}.Debug|Any CPU.Build.0 = Debug|Any CPU
		{99A9C0FE-14DE-4992-BB6C-5F81F6EA1735}.Release|Any CPU.ActiveCfg = Release|Any CPU
		{99A9C0FE-14DE-4992-BB6C-5F81F6EA1735}.Release|Any CPU.Build.0 = Release|Any CPU
	EndGlobalSection
	GlobalSection(SolutionProperties) = preSolution
		HideSolutionNode = FALSE
	EndGlobalSection
	GlobalSection(ExtensibilityGlobals) = postSolution
		SolutionGuid = {756B276A-F835-40E1-9CDD-D0EDDD2B524F}
	EndGlobalSection
EndGlobal
